
Microsoft Visual Studio Solution File, Format Version 12.00
# Visual Studio Version 17
VisualStudioVersion = 17.0.31903.59
MinimumVisualStudioVersion = 10.0.40219.1
Project("{2150E333-8FDC-42A3-9474-1A3956D46DE8}") = "src", "src", "{827E0CD3-B72D-47B6-A68D-7590B98EB39B}"
EndProject
Project("{FAE04EC0-301F-11D3-BF4B-00C04F79EFBC}") = "OrderFlow.Application", "src\OrderFlow.Application\OrderFlow.Application.csproj", "{2EE2D804-4578-4F0F-BF76-516F7977C9C9}"
EndProject
Project("{FAE04EC0-301F-11D3-BF4B-00C04F79EFBC}") = "OrderFlow.Domain", "src\OrderFlow.Domain\OrderFlow.Domain.csproj", "{088B55C5-BCF7-4585-8FCB-1A9AF98CCC0F}"
EndProject
Project("{FAE04EC0-301F-11D3-BF4B-00C04F79EFBC}") = "OrderFlow.Infrastructure", "src\OrderFlow.Infrastructure\OrderFlow.Infrastructure.csproj", "{4E702C6B-EDD2-4712-A7DD-1EF893A0E5CA}"
EndProject
Project("{FAE04EC0-301F-11D3-BF4B-00C04F79EFBC}") = "OrderFlow.Api", "src\OrderFlow.Api\OrderFlow.Api.csproj", "{D6B4352A-0C8A-4F95-A72C-10451459F4B9}"
EndProject
Global
	GlobalSection(SolutionConfigurationPlatforms) = preSolution
		Debug|Any CPU = Debug|Any CPU
		Debug|x64 = Debug|x64
		Debug|x86 = Debug|x86
		Release|Any CPU = Release|Any CPU
		Release|x64 = Release|x64
		Release|x86 = Release|x86
	EndGlobalSection
	GlobalSection(ProjectConfigurationPlatforms) = postSolution
		{2EE2D804-4578-4F0F-BF76-516F7977C9C9}.Debug|Any CPU.ActiveCfg = Debug|Any CPU
		{2EE2D804-4578-4F0F-BF76-516F7977C9C9}.Debug|Any CPU.Build.0 = Debug|Any CPU
		{2EE2D804-4578-4F0F-BF76-516F7977C9C9}.Debug|x64.ActiveCfg = Debug|Any CPU
		{2EE2D804-4578-4F0F-BF76-516F7977C9C9}.Debug|x64.Build.0 = Debug|Any CPU
		{2EE2D804-4578-4F0F-BF76-516F7977C9C9}.Debug|x86.ActiveCfg = Debug|Any CPU
		{2EE2D804-4578-4F0F-BF76-516F7977C9C9}.Debug|x86.Build.0 = Debug|Any CPU
		{2EE2D804-4578-4F0F-BF76-516F7977C9C9}.Release|Any CPU.ActiveCfg = Release|Any CPU
		{2EE2D804-4578-4F0F-BF76-516F7977C9C9}.Release|Any CPU.Build.0 = Release|Any CPU
		{2EE2D804-4578-4F0F-BF76-516F7977C9C9}.Release|x64.ActiveCfg = Release|Any CPU
		{2EE2D804-4578-4F0F-BF76-516F7977C9C9}.Release|x64.Build.0 = Release|Any CPU
		{2EE2D804-4578-4F0F-BF76-516F7977C9C9}.Release|x86.ActiveCfg = Release|Any CPU
		{2EE2D804-4578-4F0F-BF76-516F7977C9C9}.Release|x86.Build.0 = Release|Any CPU
		{088B55C5-BCF7-4585-8FCB-1A9AF98CCC0F}.Debug|Any CPU.ActiveCfg = Debug|Any CPU
		{088B55C5-BCF7-4585-8FCB-1A9AF98CCC0F}.Debug|Any CPU.Build.0 = Debug|Any CPU
		{088B55C5-BCF7-4585-8FCB-1A9AF98CCC0F}.Debug|x64.ActiveCfg = Debug|Any CPU
		{088B55C5-BCF7-4585-8FCB-1A9AF98CCC0F}.Debug|x64.Build.0 = Debug|Any CPU
		{088B55C5-BCF7-4585-8FCB-1A9AF98CCC0F}.Debug|x86.ActiveCfg = Debug|Any CPU
		{088B55C5-BCF7-4585-8FCB-1A9AF98CCC0F}.Debug|x86.Build.0 = Debug|Any CPU
		{088B55C5-BCF7-4585-8FCB-1A9AF98CCC0F}.Release|Any CPU.ActiveCfg = Release|Any CPU
		{088B55C5-BCF7-4585-8FCB-1A9AF98CCC0F}.Release|Any CPU.Build.0 = Release|Any CPU
		{088B55C5-BCF7-4585-8FCB-1A9AF98CCC0F}.Release|x64.ActiveCfg = Release|Any CPU
		{088B55C5-BCF7-4585-8FCB-1A9AF98CCC0F}.Release|x64.Build.0 = Release|Any CPU
		{088B55C5-BCF7-4585-8FCB-1A9AF98CCC0F}.Release|x86.ActiveCfg = Release|Any CPU
		{088B55C5-BCF7-4585-8FCB-1A9AF98CCC0F}.Release|x86.Build.0 = Release|Any CPU
		{4E702C6B-EDD2-4712-A7DD-1EF893A0E5CA}.Debug|Any CPU.ActiveCfg = Debug|Any CPU
		{4E702C6B-EDD2-4712-A7DD-1EF893A0E5CA}.Debug|Any CPU.Build.0 = Debug|Any CPU
		{4E702C6B-EDD2-4712-A7DD-1EF893A0E5CA}.Debug|x64.ActiveCfg = Debug|Any CPU
		{4E702C6B-EDD2-4712-A7DD-1EF893A0E5CA}.Debug|x64.Build.0 = Debug|Any CPU
		{4E702C6B-EDD2-4712-A7DD-1EF893A0E5CA}.Debug|x86.ActiveCfg = Debug|Any CPU
		{4E702C6B-EDD2-4712-A7DD-1EF893A0E5CA}.Debug|x86.Build.0 = Debug|Any CPU
		{4E702C6B-EDD2-4712-A7DD-1EF893A0E5CA}.Release|Any CPU.ActiveCfg = Release|Any CPU
		{4E702C6B-EDD2-4712-A7DD-1EF893A0E5CA}.Release|Any CPU.Build.0 = Release|Any CPU
		{4E702C6B-EDD2-4712-A7DD-1EF893A0E5CA}.Release|x64.ActiveCfg = Release|Any CPU
		{4E702C6B-EDD2-4712-A7DD-1EF893A0E5CA}.Release|x64.Build.0 = Release|Any CPU
		{4E702C6B-EDD2-4712-A7DD-1EF893A0E5CA}.Release|x86.ActiveCfg = Release|Any CPU
		{4E702C6B-EDD2-4712-A7DD-1EF893A0E5CA}.Release|x86.Build.0 = Release|Any CPU
		{D6B4352A-0C8A-4F95-A72C-10451459F4B9}.Debug|Any CPU.ActiveCfg = Debug|Any CPU
		{D6B4352A-0C8A-4F95-A72C-10451459F4B9}.Debug|Any CPU.Build.0 = Debug|Any CPU
		{D6B4352A-0C8A-4F95-A72C-10451459F4B9}.Debug|x64.ActiveCfg = Debug|Any CPU
		{D6B4352A-0C8A-4F95-A72C-10451459F4B9}.Debug|x64.Build.0 = Debug|Any CPU
		{D6B4352A-0C8A-4F95-A72C-10451459F4B9}.Debug|x86.ActiveCfg = Debug|Any CPU
		{D6B4352A-0C8A-4F95-A72C-10451459F4B9}.Debug|x86.Build.0 = Debug|Any CPU
		{D6B4352A-0C8A-4F95-A72C-10451459F4B9}.Release|Any CPU.ActiveCfg = Release|Any CPU
		{D6B4352A-0C8A-4F95-A72C-10451459F4B9}.Release|Any CPU.Build.0 = Release|Any CPU
		{D6B4352A-0C8A-4F95-A72C-10451459F4B9}.Release|x64.ActiveCfg = Release|Any CPU
		{D6B4352A-0C8A-4F95-A72C-10451459F4B9}.Release|x64.Build.0 = Release|Any CPU
		{D6B4352A-0C8A-4F95-A72C-10451459F4B9}.Release|x86.ActiveCfg = Release|Any CPU
		{D6B4352A-0C8A-4F95-A72C-10451459F4B9}.Release|x86.Build.0 = Release|Any CPU
	EndGlobalSection
	GlobalSection(SolutionProperties) = preSolution
		HideSolutionNode = FALSE
	EndGlobalSection
	GlobalSection(NestedProjects) = preSolution
		{2EE2D804-4578-4F0F-BF76-516F7977C9C9} = {827E0CD3-B72D-47B6-A68D-7590B98EB39B}
		{088B55C5-BCF7-4585-8FCB-1A9AF98CCC0F} = {827E0CD3-B72D-47B6-A68D-7590B98EB39B}
		{4E702C6B-EDD2-4712-A7DD-1EF893A0E5CA} = {827E0CD3-B72D-47B6-A68D-7590B98EB39B}
		{D6B4352A-0C8A-4F95-A72C-10451459F4B9} = {827E0CD3-B72D-47B6-A68D-7590B98EB39B}
	EndGlobalSection
EndGlobal
